
Microsoft Visual Studio Solution File, Format Version 12.00
# Visual Studio 15
VisualStudioVersion = 15.0.27703.2042
MinimumVisualStudioVersion = 10.0.40219.1
Project("{9A19103F-16F7-4668-BE54-9A1E7A4F7556}") = "nini.standard.core", "nini.standard.core\nini.standard.core.csproj", "{63C72F46-C727-463C-94B7-959626CC6216}"
EndProject
Project("{9A19103F-16F7-4668-BE54-9A1E7A4F7556}") = "nini.standard.tests", "nini.standard.tests\nini.standard.tests.csproj", "{03DEB299-A6D1-4701-8EE8-2EDA7D3705CE}"
EndProject
Project("{FAE04EC0-301F-11D3-BF4B-00C04F79EFBC}") = "nini.windows", "nini.windows\nini.windows.csproj", "{D7D88BDF-A84D-44D1-AE91-033BE95A00F7}"
EndProject
Project("{FAE04EC0-301F-11D3-BF4B-00C04F79EFBC}") = "nini.windows.tests", "nini.windows.tests\nini.windows.tests.csproj", "{46BB916D-CB82-46A9-823B-B3A87D93783B}"
EndProject
Global
	GlobalSection(SolutionConfigurationPlatforms) = preSolution
		Debug|Any CPU = Debug|Any CPU
		Release|Any CPU = Release|Any CPU
	EndGlobalSection
	GlobalSection(ProjectConfigurationPlatforms) = postSolution
		{63C72F46-C727-463C-94B7-959626CC6216}.Debug|Any CPU.ActiveCfg = Debug|Any CPU
		{63C72F46-C727-463C-94B7-959626CC6216}.Debug|Any CPU.Build.0 = Debug|Any CPU
		{63C72F46-C727-463C-94B7-959626CC6216}.Release|Any CPU.ActiveCfg = Release|Any CPU
		{63C72F46-C727-463C-94B7-959626CC6216}.Release|Any CPU.Build.0 = Release|Any CPU
		{03DEB299-A6D1-4701-8EE8-2EDA7D3705CE}.Debug|Any CPU.ActiveCfg = Debug|Any CPU
		{03DEB299-A6D1-4701-8EE8-2EDA7D3705CE}.Debug|Any CPU.Build.0 = Debug|Any CPU
		{03DEB299-A6D1-4701-8EE8-2EDA7D3705CE}.Release|Any CPU.ActiveCfg = Release|Any CPU
		{03DEB299-A6D1-4701-8EE8-2EDA7D3705CE}.Release|Any CPU.Build.0 = Release|Any CPU
		{D7D88BDF-A84D-44D1-AE91-033BE95A00F7}.Debug|Any CPU.ActiveCfg = Debug|Any CPU
		{D7D88BDF-A84D-44D1-AE91-033BE95A00F7}.Debug|Any CPU.Build.0 = Debug|Any CPU
		{D7D88BDF-A84D-44D1-AE91-033BE95A00F7}.Release|Any CPU.ActiveCfg = Release|Any CPU
		{D7D88BDF-A84D-44D1-AE91-033BE95A00F7}.Release|Any CPU.Build.0 = Release|Any CPU
		{46BB916D-CB82-46A9-823B-B3A87D93783B}.Debug|Any CPU.ActiveCfg = Debug|Any CPU
		{46BB916D-CB82-46A9-823B-B3A87D93783B}.Debug|Any CPU.Build.0 = Debug|Any CPU
		{46BB916D-CB82-46A9-823B-B3A87D93783B}.Release|Any CPU.ActiveCfg = Release|Any CPU
		{46BB916D-CB82-46A9-823B-B3A87D93783B}.Release|Any CPU.Build.0 = Release|Any CPU
	EndGlobalSection
	GlobalSection(SolutionProperties) = preSolution
		HideSolutionNode = FALSE
	EndGlobalSection
	GlobalSection(ExtensibilityGlobals) = postSolution
		SolutionGuid = {B9CC00FC-6A27-4212-AD30-766E92AB94DF}
	EndGlobalSection
EndGlobal
